<?xml version="1.0" encoding="utf-8"?>
<Project ToolsVersion="4.0" xmlns="http://schemas.microsoft.com/developer/msbuild/2003">
  <ItemGroup>
    <Filter Include="Source Files">
      <UniqueIdentifier>{4FC737F1-C7A5-4376-A066-2A32D752A2FF}</UniqueIdentifier>
      <Extensions>cpp;c;cc;cxx;c++;cppm;ixx;def;odl;idl;hpj;bat;asm;asmx</Extensions>
    </Filter>
    <Filter Include="Header Files">
      <UniqueIdentifier>{93995380-89BD-4b04-88EB-625FBE52EBFB}</UniqueIdentifier>
      <Extensions>h;hh;hpp;hxx;h++;hm;inl;inc;ipp;xsd</Extensions>
    </Filter>
    <Filter Include="Header Files\vendor">
      <UniqueIdentifier>{1db0cb4a-cff1-4406-86f0-f6e01e155faa}</UniqueIdentifier>
    </Filter>
    <Filter Include="Shaders">
      <UniqueIdentifier>{85bd464a-ce9f-4b8b-8485-13563edad5ff}</UniqueIdentifier>
    </Filter>
    <Filter Include="Fragment Shader">
      <UniqueIdentifier>{b143d28a-d12f-419a-99ee-899553b7591a}</UniqueIdentifier>
    </Filter>
    <Filter Include="Vertex Shader">
      <UniqueIdentifier>{4bb831e4-56c9-4502-ad8a-37debb1b5099}</UniqueIdentifier>
    </Filter>
  </ItemGroup>
  <ItemGroup>
    <ClCompile Include="src\MAIN.cpp">
      <Filter>Source Files</Filter>
    </ClCompile>
    <ClCompile Include="src\VertexBuffer.cpp">
      <Filter>Source Files</Filter>
    </ClCompile>
    <ClCompile Include="src\Renderer.cpp">
      <Filter>Source Files</Filter>
    </ClCompile>
    <ClCompile Include="src\IndexBuffer.cpp">
      <Filter>Source Files</Filter>
    </ClCompile>
    <ClCompile Include="src\VertexArray.cpp">
      <Filter>Source Files</Filter>
    </ClCompile>
    <ClCompile Include="src\Shader.cpp">
      <Filter>Source Files</Filter>
    </ClCompile>
    <ClCompile Include="src\ErrorCheck.cpp">
      <Filter>Source Files</Filter>
    </ClCompile>
    <ClCompile Include="src\ObjImporter.cpp">
      <Filter>Source Files</Filter>
    </ClCompile>
    <ClCompile Include="src\Texture.cpp">
      <Filter>Source Files</Filter>
    </ClCompile>
    <ClCompile Include="src\pch.cpp">
      <Filter>Source Files</Filter>
    </ClCompile>
    <ClCompile Include="src\FrameBuffer.cpp">
      <Filter>Source Files</Filter>
    </ClCompile>
    <ClCompile Include="src\RenderBuffer.cpp">
      <Filter>Source Files</Filter>
    </ClCompile>
  </ItemGroup>
  <ItemGroup>
    <None Include="res\shaders\Geometry.geom">
      <Filter>Shaders</Filter>
    </None>
    <None Include="res\shaders\NormalMap.geom">
      <Filter>Shaders</Filter>
    </None>
    <None Include="res\shaders\Shader.glsl">
      <Filter>Shaders</Filter>
    </None>
    <None Include="res\shaders\Blend.frag">
      <Filter>Fragment Shader</Filter>
    </None>
    <None Include="res\shaders\Color.frag">
      <Filter>Fragment Shader</Filter>
    </None>
    <None Include="res\shaders\GaussianBlur.frag">
      <Filter>Fragment Shader</Filter>
    </None>
    <None Include="res\shaders\NormalMap.frag">
      <Filter>Fragment Shader</Filter>
    </None>
    <None Include="res\shaders\Threshold.frag">
      <Filter>Fragment Shader</Filter>
    </None>
    <None Include="res\shaders\ToneMapping.frag">
      <Filter>Fragment Shader</Filter>
    </None>
    <None Include="res\shaders\Color.vert">
      <Filter>Vertex Shader</Filter>
    </None>
    <None Include="res\shaders\Blend.vert">
      <Filter>Vertex Shader</Filter>
    </None>
    <None Include="res\shaders\GaussianBlur.vert">
      <Filter>Vertex Shader</Filter>
    </None>
    <None Include="res\shaders\NormalMap.vert">
      <Filter>Vertex Shader</Filter>
    </None>
    <None Include="res\shaders\Threshold.vert">
      <Filter>Vertex Shader</Filter>
    </None>
    <None Include="res\shaders\ToneMapping.vert">
      <Filter>Vertex Shader</Filter>
    </None>
    <None Include="res\shaders\Vertex.vert">
      <Filter>Shaders</Filter>
    </None>
    <None Include="res\shaders\Fragment.frag">
      <Filter>Shaders</Filter>
    </None>
  </ItemGroup>
  <ItemGroup>
    <ClInclude Include="src\VertexBuffer.h">
      <Filter>Header Files</Filter>
    </ClInclude>
    <ClInclude Include="src\glm\common.hpp">
      <Filter>Header Files\vendor</Filter>
    </ClInclude>
    <ClInclude Include="src\glm\exponential.hpp">
      <Filter>Header Files\vendor</Filter>
    </ClInclude>
    <ClInclude Include="src\glm\ext.hpp">
      <Filter>Header Files\vendor</Filter>
    </ClInclude>
    <ClInclude Include="src\glm\fwd.hpp">
      <Filter>Header Files\vendor</Filter>
    </ClInclude>
    <ClInclude Include="src\glm\geometric.hpp">
      <Filter>Header Files\vendor</Filter>
    </ClInclude>
    <ClInclude Include="src\glm\glm.hpp">
      <Filter>Header Files\vendor</Filter>
    </ClInclude>
    <ClInclude Include="src\glm\integer.hpp">
      <Filter>Header Files\vendor</Filter>
    </ClInclude>
    <ClInclude Include="src\glm\mat2x2.hpp">
      <Filter>Header Files\vendor</Filter>
    </ClInclude>
    <ClInclude Include="src\glm\mat2x3.hpp">
      <Filter>Header Files\vendor</Filter>
    </ClInclude>
    <ClInclude Include="src\glm\mat2x4.hpp">
      <Filter>Header Files\vendor</Filter>
    </ClInclude>
    <ClInclude Include="src\glm\mat3x2.hpp">
      <Filter>Header Files\vendor</Filter>
    </ClInclude>
    <ClInclude Include="src\glm\mat3x3.hpp">
      <Filter>Header Files\vendor</Filter>
    </ClInclude>
    <ClInclude Include="src\glm\mat3x4.hpp">
      <Filter>Header Files\vendor</Filter>
    </ClInclude>
    <ClInclude Include="src\glm\mat4x2.hpp">
      <Filter>Header Files\vendor</Filter>
    </ClInclude>
    <ClInclude Include="src\glm\mat4x3.hpp">
      <Filter>Header Files\vendor</Filter>
    </ClInclude>
    <ClInclude Include="src\glm\mat4x4.hpp">
      <Filter>Header Files\vendor</Filter>
    </ClInclude>
    <ClInclude Include="src\glm\matrix.hpp">
      <Filter>Header Files\vendor</Filter>
    </ClInclude>
    <ClInclude Include="src\glm\packing.hpp">
      <Filter>Header Files\vendor</Filter>
    </ClInclude>
    <ClInclude Include="src\stb_image.h">
      <Filter>Header Files\vendor</Filter>
    </ClInclude>
    <ClInclude Include="src\glm\trigonometric.hpp">
      <Filter>Header Files\vendor</Filter>
    </ClInclude>
    <ClInclude Include="src\glm\vec2.hpp">
      <Filter>Header Files\vendor</Filter>
    </ClInclude>
    <ClInclude Include="src\glm\vec3.hpp">
      <Filter>Header Files\vendor</Filter>
    </ClInclude>
    <ClInclude Include="src\glm\vec4.hpp">
      <Filter>Header Files\vendor</Filter>
    </ClInclude>
    <ClInclude Include="src\glm\vector_relational.hpp">
      <Filter>Header Files\vendor</Filter>
    </ClInclude>
    <ClInclude Include="src\Renderer.h">
      <Filter>Header Files</Filter>
    </ClInclude>
    <ClInclude Include="src\IndexBuffer.h">
      <Filter>Header Files</Filter>
    </ClInclude>
    <ClInclude Include="src\VertexArray.h">
      <Filter>Header Files</Filter>
    </ClInclude>
    <ClInclude Include="src\VertexBufferLayout.h">
      <Filter>Header Files</Filter>
    </ClInclude>
    <ClInclude Include="src\Shader.h">
      <Filter>Header Files</Filter>
    </ClInclude>
    <ClInclude Include="src\ErrorCheck.h">
      <Filter>Header Files</Filter>
    </ClInclude>
    <ClInclude Include="src\Camera.h">
      <Filter>Header Files</Filter>
    </ClInclude>
    <ClInclude Include="src\ObjImporter.h">
      <Filter>Header Files</Filter>
    </ClInclude>
    <ClInclude Include="src\Texture.h">
      <Filter>Header Files</Filter>
    </ClInclude>
    <ClInclude Include="src\pch.h">
      <Filter>Header Files</Filter>
    </ClInclude>
    <ClInclude Include="src\FrameBuffer.h">
      <Filter>Header Files</Filter>
    </ClInclude>
    <ClInclude Include="src\RenderBuffer.h">
      <Filter>Header Files</Filter>
    </ClInclude>
  </ItemGroup>
</Project>